
Microsoft Visual Studio Solution File, Format Version 12.00
# Visual Studio Version 17
VisualStudioVersion = 17.11.35327.3
MinimumVisualStudioVersion = 10.0.40219.1
Project("{FAE04EC0-301F-11D3-BF4B-00C04F79EFBC}") = "KcetPrep1", "KcetPrep1.csproj", "{469F03D2-B237-456A-AA66-DDF248323E29}"
EndProject
Global
	GlobalSection(SolutionConfigurationPlatforms) = preSolution
		Debug|Any CPU = Debug|Any CPU
		Release|Any CPU = Release|Any CPU
	EndGlobalSection
	GlobalSection(ProjectConfigurationPlatforms) = postSolution
		{469F03D2-B237-456A-AA66-DDF248323E29}.Debug|Any CPU.ActiveCfg = Debug|Any CPU
		{469F03D2-B237-456A-AA66-DDF248323E29}.Debug|Any CPU.Build.0 = Debug|Any CPU
		{469F03D2-B237-456A-AA66-DDF248323E29}.Release|Any CPU.ActiveCfg = Release|Any CPU
		{469F03D2-B237-456A-AA66-DDF248323E29}.Release|Any CPU.Build.0 = Release|Any CPU
	EndGlobalSection
	GlobalSection(SolutionProperties) = preSolution
		HideSolutionNode = FALSE
	EndGlobalSection
	GlobalSection(ExtensibilityGlobals) = postSolution
		SolutionGuid = {D5F3E47B-68D5-430E-9205-A37C0A4866A9}
	EndGlobalSection
EndGlobal
